# THIS IS AN AUTOGENERATED FILE. DO NOT EDIT THIS FILE DIRECTLY.
# yarn lockfile v1


ansi-styles@^3.1.0:
  version "3.2.0"
  resolved "https://registry.yarnpkg.com/ansi-styles/-/ansi-styles-3.2.0.tgz#c159b8d5be0f9e5a6f346dab94f16ce022161b88"
  dependencies:
    color-convert "^1.9.0"

chalk@^2.1.0:
  version "2.1.0"
  resolved "https://registry.yarnpkg.com/chalk/-/chalk-2.1.0.tgz#ac5becf14fa21b99c6c92ca7a7d7cfd5b17e743e"
  dependencies:
    ansi-styles "^3.1.0"
    escape-string-regexp "^1.0.5"
    supports-color "^4.0.0"

color-convert@^1.9.0:
  version "1.9.0"
  resolved "https://registry.yarnpkg.com/color-convert/-/color-convert-1.9.0.tgz#1accf97dd739b983bf994d56fec8f95853641b7a"
  dependencies:
    color-name "^1.1.1"

color-name@^1.1.1:
  version "1.1.3"
  resolved "https://registry.yarnpkg.com/color-name/-/color-name-1.1.3.tgz#a7d0558bd89c42f795dd42328f740831ca53bc25"

escape-string-regexp@^1.0.5:
  version "1.0.5"
  resolved "https://registry.yarnpkg.com/escape-string-regexp/-/escape-string-regexp-1.0.5.tgz#1b61c0562190a8dff6ae3bb2cf0200ca130b86d4"

has-flag@^2.0.0:
  version "2.0.0"
  resolved "https://registry.yarnpkg.com/has-flag/-/has-flag-2.0.0.tgz#e8207af1cc7b30d446cc70b734b5e8be18f88d51"

minimist@0.0.8:
  version "0.0.8"
  resolved "https://registry.yarnpkg.com/minimist/-/minimist-0.0.8.tgz#857fcabfc3397d2625b8228262e86aa7a011b05d"

mkdirp@^0.5.1:
  version "0.5.1"
  resolved "https://registry.yarnpkg.com/mkdirp/-/mkdirp-0.5.1.tgz#30057438eac6cf7f8c4767f38648d6697d75c903"
  dependencies:
    minimist "0.0.8"

readline-sync@^1.4.7:
  version "1.4.7"
  resolved "https://registry.yarnpkg.com/readline-sync/-/readline-sync-1.4.7.tgz#001bfdd4c06110c3c084c63bf7c6a56022213f30"

safe-buffer@~5.1.0:
  version "5.1.1"
  resolved "https://registry.yarnpkg.com/safe-buffer/-/safe-buffer-5.1.1.tgz#893312af69b2123def71f57889001671eeb2c853"

shadow-cljs-jar@^0.10.0:
  version "0.10.0"
  resolved "https://registry.yarnpkg.com/shadow-cljs-jar/-/shadow-cljs-jar-0.10.0.tgz#9895e6e5ccfde1c7b673737b1dfd9149194b644f"

shadow-cljs@^0.18.7:
  version "0.18.7"
  resolved "https://registry.yarnpkg.com/shadow-cljs/-/shadow-cljs-0.18.7.tgz#b4dc5a6b04a571154cbb22587932482b19b5a76b"
  dependencies:
    mkdirp "^0.5.1"
    readline-sync "^1.4.7"
    shadow-cljs-jar "^0.10.0"
    source-map-support "^0.4.15"
    ws "^3.0.0"

shortid@^2.2.8:
  version "2.2.8"
  resolved "https://registry.yarnpkg.com/shortid/-/shortid-2.2.8.tgz#033b117d6a2e975804f6f0969dbe7d3d0b355131"

source-map-support@^0.4.15, source-map-support@^0.4.17:
  version "0.4.17"
  resolved "https://registry.yarnpkg.com/source-map-support/-/source-map-support-0.4.17.tgz#6f2150553e6375375d0ccb3180502b78c18ba430"
  dependencies:
    source-map "^0.5.6"

source-map@^0.5.6:
  version "0.5.6"
  resolved "https://registry.yarnpkg.com/source-map/-/source-map-0.5.6.tgz#75ce38f52bf0733c5a7f0c118d81334a2bb5f412"

supports-color@^4.0.0:
  version "4.4.0"
  resolved "https://registry.yarnpkg.com/supports-color/-/supports-color-4.4.0.tgz#883f7ddabc165142b2a61427f3352ded195d1a3e"
  dependencies:
    has-flag "^2.0.0"

ultron@~1.1.0:
  version "1.1.0"
  resolved "https://registry.yarnpkg.com/ultron/-/ultron-1.1.0.tgz#b07a2e6a541a815fc6a34ccd4533baec307ca864"

uws@^8.14.1:
  version "8.14.1"
  resolved "https://registry.yarnpkg.com/uws/-/uws-8.14.1.tgz#de09619f305f6174d5516a9c6942cb120904b20b"

ws@^3.0.0, ws@^3.1.0:
  version "3.1.0"
  resolved "https://registry.yarnpkg.com/ws/-/ws-3.1.0.tgz#8afafecdeab46d572e5397ee880739367aa2f41c"
  dependencies:
    safe-buffer "~5.1.0"
    ultron "~1.1.0"
